// !$*UTF8*$!
{
	archiveVersion = 1;
	classes = {
	};
	objectVersion = 48;
	objects = {

/* Begin PBXBuildFile section */
		A37C524C2031EFE7004CA3CF /* AppDelegate.swift in Sources */ = {isa = PBXBuildFile; fileRef = A37C524B2031EFE7004CA3CF /* AppDelegate.swift */; };
		A37C524E2031EFE7004CA3CF /* ColorVC.swift in Sources */ = {isa = PBXBuildFile; fileRef = A37C524D2031EFE7004CA3CF /* ColorVC.swift */; };
		A37C52512031EFE7004CA3CF /* Main.storyboard in Resources */ = {isa = PBXBuildFile; fileRef = A37C524F2031EFE7004CA3CF /* Main.storyboard */; };
		A37C52532031EFE7004CA3CF /* Assets.xcassets in Resources */ = {isa = PBXBuildFile; fileRef = A37C52522031EFE7004CA3CF /* Assets.xcassets */; };
		A37C52562031EFE7004CA3CF /* LaunchScreen.storyboard in Resources */ = {isa = PBXBuildFile; fileRef = A37C52542031EFE7004CA3CF /* LaunchScreen.storyboard */; };
		A37C52612032057F004CA3CF /* DataService.swift in Sources */ = {isa = PBXBuildFile; fileRef = A37C52602032057F004CA3CF /* DataService.swift */; };
		A37C526320320A66004CA3CF /* UIColorEx.swift in Sources */ = {isa = PBXBuildFile; fileRef = A37C526220320A66004CA3CF /* UIColorEx.swift */; };
		A37C526920322A34004CA3CF /* Constants.swift in Sources */ = {isa = PBXBuildFile; fileRef = A37C526820322A34004CA3CF /* Constants.swift */; };
		A37C526B20322E03004CA3CF /* CustomColorCell.swift in Sources */ = {isa = PBXBuildFile; fileRef = A37C526A20322E03004CA3CF /* CustomColorCell.swift */; };
		A37C526D20323DCE004CA3CF /* CustomSegmentControl.swift in Sources */ = {isa = PBXBuildFile; fileRef = A37C526C20323DCE004CA3CF /* CustomSegmentControl.swift */; };
		A37C526F20323EAB004CA3CF /* RoundedView.swift in Sources */ = {isa = PBXBuildFile; fileRef = A37C526E20323EAB004CA3CF /* RoundedView.swift */; };
		A37C527320324B67004CA3CF /* BarButtonMoverEx.swift in Sources */ = {isa = PBXBuildFile; fileRef = A37C527220324B67004CA3CF /* BarButtonMoverEx.swift */; };
/* End PBXBuildFile section */

/* Begin PBXFileReference section */
		A37C52482031EFE7004CA3CF /* StylingSegmentedControl.app */ = {isa = PBXFileReference; explicitFileType = wrapper.application; includeInIndex = 0; path = StylingSegmentedControl.app; sourceTree = BUILT_PRODUCTS_DIR; };
		A37C524B2031EFE7004CA3CF /* AppDelegate.swift */ = {isa = PBXFileReference; lastKnownFileType = sourcecode.swift; path = AppDelegate.swift; sourceTree = "<group>"; };
		A37C524D2031EFE7004CA3CF /* ColorVC.swift */ = {isa = PBXFileReference; lastKnownFileType = sourcecode.swift; path = ColorVC.swift; sourceTree = "<group>"; };
		A37C52502031EFE7004CA3CF /* Base */ = {isa = PBXFileReference; lastKnownFileType = file.storyboard; name = Base; path = Base.lproj/Main.storyboard; sourceTree = "<group>"; };
		A37C52522031EFE7004CA3CF /* Assets.xcassets */ = {isa = PBXFileReference; lastKnownFileType = folder.assetcatalog; path = Assets.xcassets; sourceTree = "<group>"; };
		A37C52552031EFE7004CA3CF /* Base */ = {isa = PBXFileReference; lastKnownFileType = file.storyboard; name = Base; path = Base.lproj/LaunchScreen.storyboard; sourceTree = "<group>"; };
		A37C52572031EFE7004CA3CF /* Info.plist */ = {isa = PBXFileReference; lastKnownFileType = text.plist.xml; path = Info.plist; sourceTree = "<group>"; };
		A37C52602032057F004CA3CF /* DataService.swift */ = {isa = PBXFileReference; lastKnownFileType = sourcecode.swift; path = DataService.swift; sourceTree = "<group>"; };
		A37C526220320A66004CA3CF /* UIColorEx.swift */ = {isa = PBXFileReference; lastKnownFileType = sourcecode.swift; path = UIColorEx.swift; sourceTree = "<group>"; };
		A37C526820322A34004CA3CF /* Constants.swift */ = {isa = PBXFileReference; lastKnownFileType = sourcecode.swift; path = Constants.swift; sourceTree = "<group>"; };
		A37C526A20322E03004CA3CF /* CustomColorCell.swift */ = {isa = PBXFileReference; lastKnownFileType = sourcecode.swift; path = CustomColorCell.swift; sourceTree = "<group>"; };
		A37C526C20323DCE004CA3CF /* CustomSegmentControl.swift */ = {isa = PBXFileReference; lastKnownFileType = sourcecode.swift; path = CustomSegmentControl.swift; sourceTree = "<group>"; };
		A37C526E20323EAB004CA3CF /* RoundedView.swift */ = {isa = PBXFileReference; lastKnownFileType = sourcecode.swift; path = RoundedView.swift; sourceTree = "<group>"; };
		A37C527220324B67004CA3CF /* BarButtonMoverEx.swift */ = {isa = PBXFileReference; lastKnownFileType = sourcecode.swift; path = BarButtonMoverEx.swift; sourceTree = "<group>"; };
/* End PBXFileReference section */

/* Begin PBXFrameworksBuildPhase section */
		A37C52452031EFE7004CA3CF /* Frameworks */ = {
			isa = PBXFrameworksBuildPhase;
			buildActionMask = 2147483647;
			files = (
			);
			runOnlyForDeploymentPostprocessing = 0;
		};
/* End PBXFrameworksBuildPhase section */

/* Begin PBXGroup section */
		A37C523F2031EFE7004CA3CF = {
			isa = PBXGroup;
			children = (
				A37C524A2031EFE7004CA3CF /* StylingSegmentedControl */,
				A37C52492031EFE7004CA3CF /* Products */,
			);
			sourceTree = "<group>";
		};
		A37C52492031EFE7004CA3CF /* Products */ = {
			isa = PBXGroup;
			children = (
				A37C52482031EFE7004CA3CF /* StylingSegmentedControl.app */,
			);
			name = Products;
			sourceTree = "<group>";
		};
		A37C524A2031EFE7004CA3CF /* StylingSegmentedControl */ = {
			isa = PBXGroup;
			children = (
				A37C526720322A03004CA3CF /* Utilities */,
				A37C525F203204AD004CA3CF /* Services */,
				A37C525E203203C6004CA3CF /* Views */,
				A37C525D203203B6004CA3CF /* Extensions */,
				A37C5266203226D6004CA3CF /* Controllers */,
				A37C524B2031EFE7004CA3CF /* AppDelegate.swift */,
				A37C524F2031EFE7004CA3CF /* Main.storyboard */,
				A37C52522031EFE7004CA3CF /* Assets.xcassets */,
				A37C52542031EFE7004CA3CF /* LaunchScreen.storyboard */,
				A37C52572031EFE7004CA3CF /* Info.plist */,
			);
			path = StylingSegmentedControl;
			sourceTree = "<group>";
		};
		A37C525D203203B6004CA3CF /* Extensions */ = {
			isa = PBXGroup;
			children = (
				A37C526220320A66004CA3CF /* UIColorEx.swift */,
				A37C527220324B67004CA3CF /* BarButtonMoverEx.swift */,
			);
			path = Extensions;
			sourceTree = "<group>";
		};
		A37C525E203203C6004CA3CF /* Views */ = {
			isa = PBXGroup;
			children = (
				A37C526A20322E03004CA3CF /* CustomColorCell.swift */,
				A37C526C20323DCE004CA3CF /* CustomSegmentControl.swift */,
				A37C526E20323EAB004CA3CF /* RoundedView.swift */,
			);
			path = Views;
			sourceTree = "<group>";
		};
		A37C525F203204AD004CA3CF /* Services */ = {
			isa = PBXGroup;
			children = (
				A37C52602032057F004CA3CF /* DataService.swift */,
			);
			path = Services;
			sourceTree = "<group>";
		};
		A37C5266203226D6004CA3CF /* Controllers */ = {
			isa = PBXGroup;
			children = (
				A37C524D2031EFE7004CA3CF /* ColorVC.swift */,
			);
			path = Controllers;
			sourceTree = "<group>";
		};
		A37C526720322A03004CA3CF /* Utilities */ = {
			isa = PBXGroup;
			children = (
				A37C526820322A34004CA3CF /* Constants.swift */,
			);
			path = Utilities;
			sourceTree = "<group>";
		};
/* End PBXGroup section */

/* Begin PBXNativeTarget section */
		A37C52472031EFE7004CA3CF /* StylingSegmentedControl */ = {
			isa = PBXNativeTarget;
			buildConfigurationList = A37C525A2031EFE7004CA3CF /* Build configuration list for PBXNativeTarget "StylingSegmentedControl" */;
			buildPhases = (
				A37C52442031EFE7004CA3CF /* Sources */,
				A37C52452031EFE7004CA3CF /* Frameworks */,
				A37C52462031EFE7004CA3CF /* Resources */,
			);
			buildRules = (
			);
			dependencies = (
			);
			name = StylingSegmentedControl;
			productName = StylingSegmentedControl;
			productReference = A37C52482031EFE7004CA3CF /* StylingSegmentedControl.app */;
			productType = "com.apple.product-type.application";
		};
/* End PBXNativeTarget section */

/* Begin PBXProject section */
		A37C52402031EFE7004CA3CF /* Project object */ = {
			isa = PBXProject;
			attributes = {
				LastSwiftUpdateCheck = 0920;
				LastUpgradeCheck = 0920;
				ORGANIZATIONNAME = "YAUHENI IVANIUK";
				TargetAttributes = {
					A37C52472031EFE7004CA3CF = {
						CreatedOnToolsVersion = 9.2;
						ProvisioningStyle = Automatic;
					};
				};
			};
			buildConfigurationList = A37C52432031EFE7004CA3CF /* Build configuration list for PBXProject "StylingSegmentedControl" */;
			compatibilityVersion = "Xcode 8.0";
			developmentRegion = en;
			hasScannedForEncodings = 0;
			knownRegions = (
				en,
				Base,
			);
			mainGroup = A37C523F2031EFE7004CA3CF;
			productRefGroup = A37C52492031EFE7004CA3CF /* Products */;
			projectDirPath = "";
			projectRoot = "";
			targets = (
				A37C52472031EFE7004CA3CF /* StylingSegmentedControl */,
			);
		};
/* End PBXProject section */

/* Begin PBXResourcesBuildPhase section */
		A37C52462031EFE7004CA3CF /* Resources */ = {
			isa = PBXResourcesBuildPhase;
			buildActionMask = 2147483647;
			files = (
				A37C52562031EFE7004CA3CF /* LaunchScreen.storyboard in Resources */,
				A37C52532031EFE7004CA3CF /* Assets.xcassets in Resources */,
				A37C52512031EFE7004CA3CF /* Main.storyboard in Resources */,
			);
			runOnlyForDeploymentPostprocessing = 0;
		};
/* End PBXResourcesBuildPhase section */

/* Begin PBXSourcesBuildPhase section */
		A37C52442031EFE7004CA3CF /* Sources */ = {
			isa = PBXSourcesBuildPhase;
			buildActionMask = 2147483647;
			files = (
				A37C52612032057F004CA3CF /* DataService.swift in Sources */,
				A37C526F20323EAB004CA3CF /* RoundedView.swift in Sources */,
				A37C526320320A66004CA3CF /* UIColorEx.swift in Sources */,
				A37C524E2031EFE7004CA3CF /* ColorVC.swift in Sources */,
				A37C526D20323DCE004CA3CF /* CustomSegmentControl.swift in Sources */,
				A37C524C2031EFE7004CA3CF /* AppDelegate.swift in Sources */,
				A37C526B20322E03004CA3CF /* CustomColorCell.swift in Sources */,
				A37C527320324B67004CA3CF /* BarButtonMoverEx.swift in Sources */,
				A37C526920322A34004CA3CF /* Constants.swift in Sources */,
			);
			runOnlyForDeploymentPostprocessing = 0;
		};
/* End PBXSourcesBuildPhase section */

/* Begin PBXVariantGroup section */
		A37C524F2031EFE7004CA3CF /* Main.storyboard */ = {
			isa = PBXVariantGroup;
			children = (
				A37C52502031EFE7004CA3CF /* Base */,
			);
			name = Main.storyboard;
			sourceTree = "<group>";
		};
		A37C52542031EFE7004CA3CF /* LaunchScreen.storyboard */ = {
			isa = PBXVariantGroup;
			children = (
				A37C52552031EFE7004CA3CF /* Base */,
			);
			name = LaunchScreen.storyboard;
			sourceTree = "<group>";
		};
/* End PBXVariantGroup section */

/* Begin XCBuildConfiguration section */
		A37C52582031EFE7004CA3CF /* Debug */ = {
			isa = XCBuildConfiguration;
			buildSettings = {
				ALWAYS_SEARCH_USER_PATHS = NO;
				CLANG_ANALYZER_NONNULL = YES;
				CLANG_ANALYZER_NUMBER_OBJECT_CONVERSION = YES_AGGRESSIVE;
				CLANG_CXX_LANGUAGE_STANDARD = "gnu++14";
				CLANG_CXX_LIBRARY = "libc++";
				CLANG_ENABLE_MODULES = YES;
				CLANG_ENABLE_OBJC_ARC = YES;
				CLANG_WARN_BLOCK_CAPTURE_AUTORELEASING = YES;
				CLANG_WARN_BOOL_CONVERSION = YES;
				CLANG_WARN_COMMA = YES;
				CLANG_WARN_CONSTANT_CONVERSION = YES;
				CLANG_WARN_DIRECT_OBJC_ISA_USAGE = YES_ERROR;
				CLANG_WARN_DOCUMENTATION_COMMENTS = YES;
				CLANG_WARN_EMPTY_BODY = YES;
				CLANG_WARN_ENUM_CONVERSION = YES;
				CLANG_WARN_INFINITE_RECURSION = YES;
				CLANG_WARN_INT_CONVERSION = YES;
				CLANG_WARN_NON_LITERAL_NULL_CONVERSION = YES;
				CLANG_WARN_OBJC_LITERAL_CONVERSION = YES;
				CLANG_WARN_OBJC_ROOT_CLASS = YES_ERROR;
				CLANG_WARN_RANGE_LOOP_ANALYSIS = YES;
				CLANG_WARN_STRICT_PROTOTYPES = YES;
				CLANG_WARN_SUSPICIOUS_MOVE = YES;
				CLANG_WARN_UNGUARDED_AVAILABILITY = YES_AGGRESSIVE;
				CLANG_WARN_UNREACHABLE_CODE = YES;
				CLANG_WARN__DUPLICATE_METHOD_MATCH = YES;
				CODE_SIGN_IDENTITY = "iPhone Developer";
				COPY_PHASE_STRIP = NO;
				DEBUG_INFORMATION_FORMAT = dwarf;
				ENABLE_STRICT_OBJC_MSGSEND = YES;
				ENABLE_TESTABILITY = YES;
				GCC_C_LANGUAGE_STANDARD = gnu11;
				GCC_DYNAMIC_NO_PIC = NO;
				GCC_NO_COMMON_BLOCKS = YES;
				GCC_OPTIMIZATION_LEVEL = 0;
				GCC_PREPROCESSOR_DEFINITIONS = (
					"DEBUG=1",
					"$(inherited)",
				);
				GCC_WARN_64_TO_32_BIT_CONVERSION = YES;
				GCC_WARN_ABOUT_RETURN_TYPE = YES_ERROR;
				GCC_WARN_UNDECLARED_SELECTOR = YES;
				GCC_WARN_UNINITIALIZED_AUTOS = YES_AGGRESSIVE;
				GCC_WARN_UNUSED_FUNCTION = YES;
				GCC_WARN_UNUSED_VARIABLE = YES;
				IPHONEOS_DEPLOYMENT_TARGET = 11.2;
				MTL_ENABLE_DEBUG_INFO = YES;
				ONLY_ACTIVE_ARCH = YES;
				SDKROOT = iphoneos;
				SWIFT_ACTIVE_COMPILATION_CONDITIONS = DEBUG;
				SWIFT_OPTIMIZATION_LEVEL = "-Onone";
			};
			name = Debug;
		};
		A37C52592031EFE7004CA3CF /* Release */ = {
			isa = XCBuildConfiguration;
			buildSettings = {
				ALWAYS_SEARCH_USER_PATHS = NO;
				CLANG_ANALYZER_NONNULL = YES;
				CLANG_ANALYZER_NUMBER_OBJECT_CONVERSION = YES_AGGRESSIVE;
				CLANG_CXX_LANGUAGE_STANDARD = "gnu++14";
				CLANG_CXX_LIBRARY = "libc++";
				CLANG_ENABLE_MODULES = YES;
				CLANG_ENABLE_OBJC_ARC = YES;
				CLANG_WARN_BLOCK_CAPTURE_AUTORELEASING = YES;
				CLANG_WARN_BOOL_CONVERSION = YES;
				CLANG_WARN_COMMA = YES;
				CLANG_WARN_CONSTANT_CONVERSION = YES;
				CLANG_WARN_DIRECT_OBJC_ISA_USAGE = YES_ERROR;
				CLANG_WARN_DOCUMENTATION_COMMENTS = YES;
				CLANG_WARN_EMPTY_BODY = YES;
				CLANG_WARN_ENUM_CONVERSION = YES;
				CLANG_WARN_INFINITE_RECURSION = YES;
				CLANG_WARN_INT_CONVERSION = YES;
				CLANG_WARN_NON_LITERAL_NULL_CONVERSION = YES;
				CLANG_WARN_OBJC_LITERAL_CONVERSION = YES;
				CLANG_WARN_OBJC_ROOT_CLASS = YES_ERROR;
				CLANG_WARN_RANGE_LOOP_ANALYSIS = YES;
				CLANG_WARN_STRICT_PROTOTYPES = YES;
				CLANG_WARN_SUSPICIOUS_MOVE = YES;
				CLANG_WARN_UNGUARDED_AVAILABILITY = YES_AGGRESSIVE;
				CLANG_WARN_UNREACHABLE_CODE = YES;
				CLANG_WARN__DUPLICATE_METHOD_MATCH = YES;
				CODE_SIGN_IDENTITY = "iPhone Developer";
				COPY_PHASE_STRIP = NO;
				DEBUG_INFORMATION_FORMAT = "dwarf-with-dsym";
				ENABLE_NS_ASSERTIONS = NO;
				ENABLE_STRICT_OBJC_MSGSEND = YES;
				GCC_C_LANGUAGE_STANDARD = gnu11;
				GCC_NO_COMMON_BLOCKS = YES;
				GCC_WARN_64_TO_32_BIT_CONVERSION = YES;
				GCC_WARN_ABOUT_RETURN_TYPE = YES_ERROR;
				GCC_WARN_UNDECLARED_SELECTOR = YES;
				GCC_WARN_UNINITIALIZED_AUTOS = YES_AGGRESSIVE;
				GCC_WARN_UNUSED_FUNCTION = YES;
				GCC_WARN_UNUSED_VARIABLE = YES;
				IPHONEOS_DEPLOYMENT_TARGET = 11.2;
				MTL_ENABLE_DEBUG_INFO = NO;
				SDKROOT = iphoneos;
				SWIFT_OPTIMIZATION_LEVEL = "-Owholemodule";
				VALIDATE_PRODUCT = YES;
			};
			name = Release;
		};
		A37C525B2031EFE7004CA3CF /* Debug */ = {
			isa = XCBuildConfiguration;
			buildSettings = {
				ASSETCATALOG_COMPILER_APPICON_NAME = AppIcon;
				CODE_SIGN_STYLE = Automatic;
				DEVELOPMENT_TEAM = TGQ6Y9489U;
				INFOPLIST_FILE = StylingSegmentedControl/Info.plist;
				LD_RUNPATH_SEARCH_PATHS = "$(inherited) @executable_path/Frameworks";
				PRODUCT_BUNDLE_IDENTIFIER = club.beco.StylingSegmentedControl;
				PRODUCT_NAME = "$(TARGET_NAME)";
				SWIFT_VERSION = 4.0;
				TARGETED_DEVICE_FAMILY = "1,2";
			};
			name = Debug;
		};
		A37C525C2031EFE7004CA3CF /* Release */ = {
			isa = XCBuildConfiguration;
			buildSettings = {
				ASSETCATALOG_COMPILER_APPICON_NAME = AppIcon;
				CODE_SIGN_STYLE = Automatic;
				DEVELOPMENT_TEAM = TGQ6Y9489U;
				INFOPLIST_FILE = StylingSegmentedControl/Info.plist;
				LD_RUNPATH_SEARCH_PATHS = "$(inherited) @executable_path/Frameworks";
				PRODUCT_BUNDLE_IDENTIFIER = club.beco.StylingSegmentedControl;
				PRODUCT_NAME = "$(TARGET_NAME)";
				SWIFT_VERSION = 4.0;
				TARGETED_DEVICE_FAMILY = "1,2";
			};
			name = Release;
		};
/* End XCBuildConfiguration section */

/* Begin XCConfigurationList section */
		A37C52432031EFE7004CA3CF /* Build configuration list for PBXProject "StylingSegmentedControl" */ = {
			isa = XCConfigurationList;
			buildConfigurations = (
				A37C52582031EFE7004CA3CF /* Debug */,
				A37C52592031EFE7004CA3CF /* Release */,
			);
			defaultConfigurationIsVisible = 0;
			defaultConfigurationName = Release;
		};
		A37C525A2031EFE7004CA3CF /* Build configuration list for PBXNativeTarget "StylingSegmentedControl" */ = {
			isa = XCConfigurationList;
			buildConfigurations = (
				A37C525B2031EFE7004CA3CF /* Debug */,
				A37C525C2031EFE7004CA3CF /* Release */,
			);
			defaultConfigurationIsVisible = 0;
			defaultConfigurationName = Release;
		};
/* End XCConfigurationList section */
	};
	rootObject = A37C52402031EFE7004CA3CF /* Project object */;
}
